
Microsoft Visual Studio Solution File, Format Version 12.00
# Visual Studio Version 17
VisualStudioVersion = 17.3.32929.385
MinimumVisualStudioVersion = 10.0.40219.1
Project("{8BC9CEB8-8B4A-11D0-8D11-00A0C91BC942}") = "Demo19_02", "Demo19_02\Demo19_02.vcxproj", "{A5240ADA-98EB-4151-8FA6-A87FEE9D158F}"
EndProject
Global
	GlobalSection(SolutionConfigurationPlatforms) = preSolution
		Debug|x64 = Debug|x64
		Debug|x86 = Debug|x86
		Release|x64 = Release|x64
		Release|x86 = Release|x86
	EndGlobalSection
	GlobalSection(ProjectConfigurationPlatforms) = postSolution
		{A5240ADA-98EB-4151-8FA6-A87FEE9D158F}.Debug|x64.ActiveCfg = Debug|x64
		{A5240ADA-98EB-4151-8FA6-A87FEE9D158F}.Debug|x64.Build.0 = Debug|x64
		{A5240ADA-98EB-4151-8FA6-A87FEE9D158F}.Debug|x86.ActiveCfg = Debug|Win32
		{A5240ADA-98EB-4151-8FA6-A87FEE9D158F}.Debug|x86.Build.0 = Debug|Win32
		{A5240ADA-98EB-4151-8FA6-A87FEE9D158F}.Release|x64.ActiveCfg = Release|x64
		{A5240ADA-98EB-4151-8FA6-A87FEE9D158F}.Release|x64.Build.0 = Release|x64
		{A5240ADA-98EB-4151-8FA6-A87FEE9D158F}.Release|x86.ActiveCfg = Release|Win32
		{A5240ADA-98EB-4151-8FA6-A87FEE9D158F}.Release|x86.Build.0 = Release|Win32
	EndGlobalSection
	GlobalSection(SolutionProperties) = preSolution
		HideSolutionNode = FALSE
	EndGlobalSection
	GlobalSection(ExtensibilityGlobals) = postSolution
		SolutionGuid = {55F69F3C-CE2B-4605-823C-58E9667FF8F3}
	EndGlobalSection
EndGlobal
