
Microsoft Visual Studio Solution File, Format Version 12.00
# Visual Studio Version 17
VisualStudioVersion = 17.3.32929.385
MinimumVisualStudioVersion = 10.0.40219.1
Project("{8BC9CEB8-8B4A-11D0-8D11-00A0C91BC942}") = "Exercise20_04", "Exercise20_04\Exercise20_04.vcxproj", "{ABCC60F4-56F6-4EF9-92F1-2A6504A75A9A}"
EndProject
Global
	GlobalSection(SolutionConfigurationPlatforms) = preSolution
		Debug|x64 = Debug|x64
		Debug|x86 = Debug|x86
		Release|x64 = Release|x64
		Release|x86 = Release|x86
	EndGlobalSection
	GlobalSection(ProjectConfigurationPlatforms) = postSolution
		{ABCC60F4-56F6-4EF9-92F1-2A6504A75A9A}.Debug|x64.ActiveCfg = Debug|x64
		{ABCC60F4-56F6-4EF9-92F1-2A6504A75A9A}.Debug|x64.Build.0 = Debug|x64
		{ABCC60F4-56F6-4EF9-92F1-2A6504A75A9A}.Debug|x86.ActiveCfg = Debug|Win32
		{ABCC60F4-56F6-4EF9-92F1-2A6504A75A9A}.Debug|x86.Build.0 = Debug|Win32
		{ABCC60F4-56F6-4EF9-92F1-2A6504A75A9A}.Release|x64.ActiveCfg = Release|x64
		{ABCC60F4-56F6-4EF9-92F1-2A6504A75A9A}.Release|x64.Build.0 = Release|x64
		{ABCC60F4-56F6-4EF9-92F1-2A6504A75A9A}.Release|x86.ActiveCfg = Release|Win32
		{ABCC60F4-56F6-4EF9-92F1-2A6504A75A9A}.Release|x86.Build.0 = Release|Win32
	EndGlobalSection
	GlobalSection(SolutionProperties) = preSolution
		HideSolutionNode = FALSE
	EndGlobalSection
	GlobalSection(ExtensibilityGlobals) = postSolution
		SolutionGuid = {0471D445-F995-44FB-B846-4F8B4FAE4E04}
	EndGlobalSection
EndGlobal
