
Microsoft Visual Studio Solution File, Format Version 12.00
# Visual Studio Version 17
VisualStudioVersion = 17.3.32929.385
MinimumVisualStudioVersion = 10.0.40219.1
Project("{8BC9CEB8-8B4A-11D0-8D11-00A0C91BC942}") = "Demo23_04_05", "Demo23_04_05\Demo23_04_05.vcxproj", "{2BD66857-19B5-4303-AC70-9EDB57F4419E}"
EndProject
Global
	GlobalSection(SolutionConfigurationPlatforms) = preSolution
		Debug|x64 = Debug|x64
		Debug|x86 = Debug|x86
		Release|x64 = Release|x64
		Release|x86 = Release|x86
	EndGlobalSection
	GlobalSection(ProjectConfigurationPlatforms) = postSolution
		{2BD66857-19B5-4303-AC70-9EDB57F4419E}.Debug|x64.ActiveCfg = Debug|x64
		{2BD66857-19B5-4303-AC70-9EDB57F4419E}.Debug|x64.Build.0 = Debug|x64
		{2BD66857-19B5-4303-AC70-9EDB57F4419E}.Debug|x86.ActiveCfg = Debug|Win32
		{2BD66857-19B5-4303-AC70-9EDB57F4419E}.Debug|x86.Build.0 = Debug|Win32
		{2BD66857-19B5-4303-AC70-9EDB57F4419E}.Release|x64.ActiveCfg = Release|x64
		{2BD66857-19B5-4303-AC70-9EDB57F4419E}.Release|x64.Build.0 = Release|x64
		{2BD66857-19B5-4303-AC70-9EDB57F4419E}.Release|x86.ActiveCfg = Release|Win32
		{2BD66857-19B5-4303-AC70-9EDB57F4419E}.Release|x86.Build.0 = Release|Win32
	EndGlobalSection
	GlobalSection(SolutionProperties) = preSolution
		HideSolutionNode = FALSE
	EndGlobalSection
	GlobalSection(ExtensibilityGlobals) = postSolution
		SolutionGuid = {434D5634-2A18-47CA-80FE-74C1C39EA8D2}
	EndGlobalSection
EndGlobal
