
Microsoft Visual Studio Solution File, Format Version 12.00
# Visual Studio Version 17
VisualStudioVersion = 17.3.32929.385
MinimumVisualStudioVersion = 10.0.40219.1
Project("{8BC9CEB8-8B4A-11D0-8D11-00A0C91BC942}") = "Exercise15_02", "Exercise15_02.vcxproj", "{A34B5962-A581-4270-A321-42E88F130D9B}"
EndProject
Global
	GlobalSection(SolutionConfigurationPlatforms) = preSolution
		Debug|x64 = Debug|x64
		Debug|x86 = Debug|x86
		Release|x64 = Release|x64
		Release|x86 = Release|x86
	EndGlobalSection
	GlobalSection(ProjectConfigurationPlatforms) = postSolution
		{A34B5962-A581-4270-A321-42E88F130D9B}.Debug|x64.ActiveCfg = Debug|x64
		{A34B5962-A581-4270-A321-42E88F130D9B}.Debug|x64.Build.0 = Debug|x64
		{A34B5962-A581-4270-A321-42E88F130D9B}.Debug|x86.ActiveCfg = Debug|Win32
		{A34B5962-A581-4270-A321-42E88F130D9B}.Debug|x86.Build.0 = Debug|Win32
		{A34B5962-A581-4270-A321-42E88F130D9B}.Release|x64.ActiveCfg = Release|x64
		{A34B5962-A581-4270-A321-42E88F130D9B}.Release|x64.Build.0 = Release|x64
		{A34B5962-A581-4270-A321-42E88F130D9B}.Release|x86.ActiveCfg = Release|Win32
		{A34B5962-A581-4270-A321-42E88F130D9B}.Release|x86.Build.0 = Release|Win32
	EndGlobalSection
	GlobalSection(SolutionProperties) = preSolution
		HideSolutionNode = FALSE
	EndGlobalSection
	GlobalSection(ExtensibilityGlobals) = postSolution
		SolutionGuid = {B65EA9DF-047B-44CD-93A8-7C12A9A7BFAE}
	EndGlobalSection
EndGlobal
