
Microsoft Visual Studio Solution File, Format Version 12.00
# Visual Studio Version 17
VisualStudioVersion = 17.3.32929.385
MinimumVisualStudioVersion = 10.0.40219.1
Project("{8BC9CEB8-8B4A-11D0-8D11-00A0C91BC942}") = "Exercise20_05", "Exercise20_05\Exercise20_05.vcxproj", "{022FA09F-47D7-47E6-B9B4-9D7402A56243}"
EndProject
Global
	GlobalSection(SolutionConfigurationPlatforms) = preSolution
		Debug|x64 = Debug|x64
		Debug|x86 = Debug|x86
		Release|x64 = Release|x64
		Release|x86 = Release|x86
	EndGlobalSection
	GlobalSection(ProjectConfigurationPlatforms) = postSolution
		{022FA09F-47D7-47E6-B9B4-9D7402A56243}.Debug|x64.ActiveCfg = Debug|x64
		{022FA09F-47D7-47E6-B9B4-9D7402A56243}.Debug|x64.Build.0 = Debug|x64
		{022FA09F-47D7-47E6-B9B4-9D7402A56243}.Debug|x86.ActiveCfg = Debug|Win32
		{022FA09F-47D7-47E6-B9B4-9D7402A56243}.Debug|x86.Build.0 = Debug|Win32
		{022FA09F-47D7-47E6-B9B4-9D7402A56243}.Release|x64.ActiveCfg = Release|x64
		{022FA09F-47D7-47E6-B9B4-9D7402A56243}.Release|x64.Build.0 = Release|x64
		{022FA09F-47D7-47E6-B9B4-9D7402A56243}.Release|x86.ActiveCfg = Release|Win32
		{022FA09F-47D7-47E6-B9B4-9D7402A56243}.Release|x86.Build.0 = Release|Win32
	EndGlobalSection
	GlobalSection(SolutionProperties) = preSolution
		HideSolutionNode = FALSE
	EndGlobalSection
	GlobalSection(ExtensibilityGlobals) = postSolution
		SolutionGuid = {E124FD46-352D-4A65-B0BC-CEDDEDBB0924}
	EndGlobalSection
EndGlobal
