
Microsoft Visual Studio Solution File, Format Version 12.00
# Visual Studio Version 17
VisualStudioVersion = 17.3.32929.385
MinimumVisualStudioVersion = 10.0.40219.1
Project("{8BC9CEB8-8B4A-11D0-8D11-00A0C91BC942}") = "Demo08_01", "Demo08_01\Demo08_01.vcxproj", "{D8CB8474-FA83-43DF-BFB5-73274D4F3202}"
EndProject
Global
	GlobalSection(SolutionConfigurationPlatforms) = preSolution
		Debug|x64 = Debug|x64
		Debug|x86 = Debug|x86
		Release|x64 = Release|x64
		Release|x86 = Release|x86
	EndGlobalSection
	GlobalSection(ProjectConfigurationPlatforms) = postSolution
		{D8CB8474-FA83-43DF-BFB5-73274D4F3202}.Debug|x64.ActiveCfg = Debug|x64
		{D8CB8474-FA83-43DF-BFB5-73274D4F3202}.Debug|x64.Build.0 = Debug|x64
		{D8CB8474-FA83-43DF-BFB5-73274D4F3202}.Debug|x86.ActiveCfg = Debug|Win32
		{D8CB8474-FA83-43DF-BFB5-73274D4F3202}.Debug|x86.Build.0 = Debug|Win32
		{D8CB8474-FA83-43DF-BFB5-73274D4F3202}.Release|x64.ActiveCfg = Release|x64
		{D8CB8474-FA83-43DF-BFB5-73274D4F3202}.Release|x64.Build.0 = Release|x64
		{D8CB8474-FA83-43DF-BFB5-73274D4F3202}.Release|x86.ActiveCfg = Release|Win32
		{D8CB8474-FA83-43DF-BFB5-73274D4F3202}.Release|x86.Build.0 = Release|Win32
	EndGlobalSection
	GlobalSection(SolutionProperties) = preSolution
		HideSolutionNode = FALSE
	EndGlobalSection
	GlobalSection(ExtensibilityGlobals) = postSolution
		SolutionGuid = {5E0C7817-F148-4E51-822A-56B02965498E}
	EndGlobalSection
EndGlobal
